
Microsoft Visual Studio Solution File, Format Version 12.00
# Visual Studio 15
Project("{FAE04EC0-301F-11D3-BF4B-00C04F79EFBC}") = "Assembly-CSharp", "Assembly-CSharp.csproj", "{EC32B460-4AD8-3FD3-24DE-DE672AFC9044}"
EndProject
Project("{FAE04EC0-301F-11D3-BF4B-00C04F79EFBC}") = "Unity.XR.Interaction.Toolkit.Samples.StarterAssets", "Unity.XR.Interaction.Toolkit.Samples.StarterAssets.csproj", "{C2F8A517-4A1B-1A8B-561B-6D0F6C160C7A}"
EndProject
Project("{FAE04EC0-301F-11D3-BF4B-00C04F79EFBC}") = "Unity.XR.Interaction.Toolkit.Samples.StarterAssets.Editor", "Unity.XR.Interaction.Toolkit.Samples.StarterAssets.Editor.csproj", "{080A19A8-748B-C3AA-CFA0-D5CF76E875D0}"
EndProject
Global
	GlobalSection(SolutionConfigurationPlatforms) = preSolution
		Debug|Any CPU = Debug|Any CPU
		Release|Any CPU = Release|Any CPU
	EndGlobalSection
	GlobalSection(ProjectConfigurationPlatforms) = postSolution
		{EC32B460-4AD8-3FD3-24DE-DE672AFC9044}.Debug|Any CPU.ActiveCfg = Debug|Any CPU
		{EC32B460-4AD8-3FD3-24DE-DE672AFC9044}.Debug|Any CPU.Build.0 = Debug|Any CPU
		{EC32B460-4AD8-3FD3-24DE-DE672AFC9044}.Release|Any CPU.ActiveCfg = Release|Any CPU
		{EC32B460-4AD8-3FD3-24DE-DE672AFC9044}.Release|Any CPU.Build.0 = Release|Any CPU
		{C2F8A517-4A1B-1A8B-561B-6D0F6C160C7A}.Debug|Any CPU.ActiveCfg = Debug|Any CPU
		{C2F8A517-4A1B-1A8B-561B-6D0F6C160C7A}.Debug|Any CPU.Build.0 = Debug|Any CPU
		{C2F8A517-4A1B-1A8B-561B-6D0F6C160C7A}.Release|Any CPU.ActiveCfg = Release|Any CPU
		{C2F8A517-4A1B-1A8B-561B-6D0F6C160C7A}.Release|Any CPU.Build.0 = Release|Any CPU
		{080A19A8-748B-C3AA-CFA0-D5CF76E875D0}.Debug|Any CPU.ActiveCfg = Debug|Any CPU
		{080A19A8-748B-C3AA-CFA0-D5CF76E875D0}.Debug|Any CPU.Build.0 = Debug|Any CPU
		{080A19A8-748B-C3AA-CFA0-D5CF76E875D0}.Release|Any CPU.ActiveCfg = Release|Any CPU
		{080A19A8-748B-C3AA-CFA0-D5CF76E875D0}.Release|Any CPU.Build.0 = Release|Any CPU
	EndGlobalSection
	GlobalSection(SolutionProperties) = preSolution
		HideSolutionNode = FALSE
	EndGlobalSection
EndGlobal
